
Microsoft Visual Studio Solution File, Format Version 12.00
# Visual Studio Version 17
VisualStudioVersion = 17.3.32901.215
MinimumVisualStudioVersion = 10.0.40219.1
Project("{FAE04EC0-301F-11D3-BF4B-00C04F79EFBC}") = "MusicStore", "MusicStore\MusicStore.csproj", "{56829ACD-95A3-4A08-9B6A-00E2265D2ADB}"
EndProject
Global
	GlobalSection(SolutionConfigurationPlatforms) = preSolution
		Debug|Any CPU = Debug|Any CPU
		Release|Any CPU = Release|Any CPU
	EndGlobalSection
	GlobalSection(ProjectConfigurationPlatforms) = postSolution
		{56829ACD-95A3-4A08-9B6A-00E2265D2ADB}.Debug|Any CPU.ActiveCfg = Debug|Any CPU
		{56829ACD-95A3-4A08-9B6A-00E2265D2ADB}.Debug|Any CPU.Build.0 = Debug|Any CPU
		{56829ACD-95A3-4A08-9B6A-00E2265D2ADB}.Release|Any CPU.ActiveCfg = Release|Any CPU
		{56829ACD-95A3-4A08-9B6A-00E2265D2ADB}.Release|Any CPU.Build.0 = Release|Any CPU
	EndGlobalSection
	GlobalSection(SolutionProperties) = preSolution
		HideSolutionNode = FALSE
	EndGlobalSection
	GlobalSection(ExtensibilityGlobals) = postSolution
		SolutionGuid = {F0749AEB-7EF0-4B4E-B1C1-E4ADA120F48C}
	EndGlobalSection
EndGlobal
